
Microsoft Visual Studio Solution File, Format Version 12.00
# Visual Studio Version 16
VisualStudioVersion = 16.0.33801.447
MinimumVisualStudioVersion = 10.0.40219.1
Project("{FAE04EC0-301F-11D3-BF4B-00C04F79EFBC}") = "01_FirstProject", "01_FirstProject\01_FirstProject.csproj", "{C7590DB5-081E-4052-B98A-785083BBC83A}"
EndProject
Global
	GlobalSection(SolutionConfigurationPlatforms) = preSolution
		Debug|Any CPU = Debug|Any CPU
		Release|Any CPU = Release|Any CPU
	EndGlobalSection
	GlobalSection(ProjectConfigurationPlatforms) = postSolution
		{C7590DB5-081E-4052-B98A-785083BBC83A}.Debug|Any CPU.ActiveCfg = Debug|Any CPU
		{C7590DB5-081E-4052-B98A-785083BBC83A}.Debug|Any CPU.Build.0 = Debug|Any CPU
		{C7590DB5-081E-4052-B98A-785083BBC83A}.Release|Any CPU.ActiveCfg = Release|Any CPU
		{C7590DB5-081E-4052-B98A-785083BBC83A}.Release|Any CPU.Build.0 = Release|Any CPU
	EndGlobalSection
	GlobalSection(SolutionProperties) = preSolution
		HideSolutionNode = FALSE
	EndGlobalSection
	GlobalSection(ExtensibilityGlobals) = postSolution
		SolutionGuid = {D90CB380-D4BB-4DA6-BA2A-C40723132F10}
	EndGlobalSection
EndGlobal
